// !$*UTF8*$!
{
	archiveVersion = 1;
	classes = {
	};
	objectVersion = 56;
	objects = {

/* Begin PBXBuildFile section */
		E891A25D2C3EED340019DCDC /* CryptoCurrency.swift in Sources */ = {isa = PBXBuildFile; fileRef = E891A25C2C3EED340019DCDC /* CryptoCurrency.swift */; };
		E891A25F2C3EF9C50019DCDC /* Webservice.swift in Sources */ = {isa = PBXBuildFile; fileRef = E891A25E2C3EF9C50019DCDC /* Webservice.swift */; };
		E891A2612C3EFF120019DCDC /* CryptoViewModal.swift in Sources */ = {isa = PBXBuildFile; fileRef = E891A2602C3EFF120019DCDC /* CryptoViewModal.swift */; };
		E8E418DD2C3C8AD60057B234 /* CryptoBloomSwiftUIApp.swift in Sources */ = {isa = PBXBuildFile; fileRef = E8E418DC2C3C8AD60057B234 /* CryptoBloomSwiftUIApp.swift */; };
		E8E418DF2C3C8AD60057B234 /* MainView.swift in Sources */ = {isa = PBXBuildFile; fileRef = E8E418DE2C3C8AD60057B234 /* MainView.swift */; };
		E8E418E12C3C8AD80057B234 /* Assets.xcassets in Resources */ = {isa = PBXBuildFile; fileRef = E8E418E02C3C8AD80057B234 /* Assets.xcassets */; };
		E8E418E42C3C8AD80057B234 /* Preview Assets.xcassets in Resources */ = {isa = PBXBuildFile; fileRef = E8E418E32C3C8AD80057B234 /* Preview Assets.xcassets */; };
/* End PBXBuildFile section */

/* Begin PBXFileReference section */
		E891A25C2C3EED340019DCDC /* CryptoCurrency.swift */ = {isa = PBXFileReference; lastKnownFileType = sourcecode.swift; path = CryptoCurrency.swift; sourceTree = "<group>"; };
		E891A25E2C3EF9C50019DCDC /* Webservice.swift */ = {isa = PBXFileReference; lastKnownFileType = sourcecode.swift; path = Webservice.swift; sourceTree = "<group>"; };
		E891A2602C3EFF120019DCDC /* CryptoViewModal.swift */ = {isa = PBXFileReference; lastKnownFileType = sourcecode.swift; path = CryptoViewModal.swift; sourceTree = "<group>"; };
		E8E418D92C3C8AD60057B234 /* CryptoBloomSwiftUI.app */ = {isa = PBXFileReference; explicitFileType = wrapper.application; includeInIndex = 0; path = CryptoBloomSwiftUI.app; sourceTree = BUILT_PRODUCTS_DIR; };
		E8E418DC2C3C8AD60057B234 /* CryptoBloomSwiftUIApp.swift */ = {isa = PBXFileReference; lastKnownFileType = sourcecode.swift; path = CryptoBloomSwiftUIApp.swift; sourceTree = "<group>"; };
		E8E418DE2C3C8AD60057B234 /* MainView.swift */ = {isa = PBXFileReference; lastKnownFileType = sourcecode.swift; path = MainView.swift; sourceTree = "<group>"; };
		E8E418E02C3C8AD80057B234 /* Assets.xcassets */ = {isa = PBXFileReference; lastKnownFileType = folder.assetcatalog; path = Assets.xcassets; sourceTree = "<group>"; };
		E8E418E32C3C8AD80057B234 /* Preview Assets.xcassets */ = {isa = PBXFileReference; lastKnownFileType = folder.assetcatalog; path = "Preview Assets.xcassets"; sourceTree = "<group>"; };
/* End PBXFileReference section */

/* Begin PBXFrameworksBuildPhase section */
		E8E418D62C3C8AD60057B234 /* Frameworks */ = {
			isa = PBXFrameworksBuildPhase;
			buildActionMask = 2147483647;
			files = (
			);
			runOnlyForDeploymentPostprocessing = 0;
		};
/* End PBXFrameworksBuildPhase section */

/* Begin PBXGroup section */
		E8E418D02C3C8AD60057B234 = {
			isa = PBXGroup;
			children = (
				E8E418DB2C3C8AD60057B234 /* CryptoBloomSwiftUI */,
				E8E418DA2C3C8AD60057B234 /* Products */,
			);
			sourceTree = "<group>";
		};
		E8E418DA2C3C8AD60057B234 /* Products */ = {
			isa = PBXGroup;
			children = (
				E8E418D92C3C8AD60057B234 /* CryptoBloomSwiftUI.app */,
			);
			name = Products;
			sourceTree = "<group>";
		};
		E8E418DB2C3C8AD60057B234 /* CryptoBloomSwiftUI */ = {
			isa = PBXGroup;
			children = (
				E8E418ED2C3C8C190057B234 /* Service */,
				E8E418EA2C3C8BF40057B234 /* Model */,
				E8E418EB2C3C8C010057B234 /* View */,
				E8E418EC2C3C8C0C0057B234 /* ViewModal */,
				E8E418E02C3C8AD80057B234 /* Assets.xcassets */,
				E8E418DC2C3C8AD60057B234 /* CryptoBloomSwiftUIApp.swift */,
				E8E418E22C3C8AD80057B234 /* Preview Content */,
			);
			path = CryptoBloomSwiftUI;
			sourceTree = "<group>";
		};
		E8E418E22C3C8AD80057B234 /* Preview Content */ = {
			isa = PBXGroup;
			children = (
				E8E418E32C3C8AD80057B234 /* Preview Assets.xcassets */,
			);
			path = "Preview Content";
			sourceTree = "<group>";
		};
		E8E418EA2C3C8BF40057B234 /* Model */ = {
			isa = PBXGroup;
			children = (
				E891A25C2C3EED340019DCDC /* CryptoCurrency.swift */,
			);
			path = Model;
			sourceTree = "<group>";
		};
		E8E418EB2C3C8C010057B234 /* View */ = {
			isa = PBXGroup;
			children = (
				E8E418DE2C3C8AD60057B234 /* MainView.swift */,
			);
			path = View;
			sourceTree = "<group>";
		};
		E8E418EC2C3C8C0C0057B234 /* ViewModal */ = {
			isa = PBXGroup;
			children = (
				E891A2602C3EFF120019DCDC /* CryptoViewModal.swift */,
			);
			path = ViewModal;
			sourceTree = "<group>";
		};
		E8E418ED2C3C8C190057B234 /* Service */ = {
			isa = PBXGroup;
			children = (
				E891A25E2C3EF9C50019DCDC /* Webservice.swift */,
			);
			path = Service;
			sourceTree = "<group>";
		};
/* End PBXGroup section */

/* Begin PBXNativeTarget section */
		E8E418D82C3C8AD60057B234 /* CryptoBloomSwiftUI */ = {
			isa = PBXNativeTarget;
			buildConfigurationList = E8E418E72C3C8AD80057B234 /* Build configuration list for PBXNativeTarget "CryptoBloomSwiftUI" */;
			buildPhases = (
				E8E418D52C3C8AD60057B234 /* Sources */,
				E8E418D62C3C8AD60057B234 /* Frameworks */,
				E8E418D72C3C8AD60057B234 /* Resources */,
			);
			buildRules = (
			);
			dependencies = (
			);
			name = CryptoBloomSwiftUI;
			productName = CryptoBloomSwiftUI;
			productReference = E8E418D92C3C8AD60057B234 /* CryptoBloomSwiftUI.app */;
			productType = "com.apple.product-type.application";
		};
/* End PBXNativeTarget section */

/* Begin PBXProject section */
		E8E418D12C3C8AD60057B234 /* Project object */ = {
			isa = PBXProject;
			attributes = {
				BuildIndependentTargetsInParallel = 1;
				LastSwiftUpdateCheck = 1530;
				LastUpgradeCheck = 1530;
				TargetAttributes = {
					E8E418D82C3C8AD60057B234 = {
						CreatedOnToolsVersion = 15.3;
					};
				};
			};
			buildConfigurationList = E8E418D42C3C8AD60057B234 /* Build configuration list for PBXProject "CryptoBloomSwiftUI" */;
			compatibilityVersion = "Xcode 14.0";
			developmentRegion = en;
			hasScannedForEncodings = 0;
			knownRegions = (
				en,
				Base,
			);
			mainGroup = E8E418D02C3C8AD60057B234;
			productRefGroup = E8E418DA2C3C8AD60057B234 /* Products */;
			projectDirPath = "";
			projectRoot = "";
			targets = (
				E8E418D82C3C8AD60057B234 /* CryptoBloomSwiftUI */,
			);
		};
/* End PBXProject section */

/* Begin PBXResourcesBuildPhase section */
		E8E418D72C3C8AD60057B234 /* Resources */ = {
			isa = PBXResourcesBuildPhase;
			buildActionMask = 2147483647;
			files = (
				E8E418E42C3C8AD80057B234 /* Preview Assets.xcassets in Resources */,
				E8E418E12C3C8AD80057B234 /* Assets.xcassets in Resources */,
			);
			runOnlyForDeploymentPostprocessing = 0;
		};
/* End PBXResourcesBuildPhase section */

/* Begin PBXSourcesBuildPhase section */
		E8E418D52C3C8AD60057B234 /* Sources */ = {
			isa = PBXSourcesBuildPhase;
			buildActionMask = 2147483647;
			files = (
				E891A2612C3EFF120019DCDC /* CryptoViewModal.swift in Sources */,
				E8E418DF2C3C8AD60057B234 /* MainView.swift in Sources */,
				E891A25D2C3EED340019DCDC /* CryptoCurrency.swift in Sources */,
				E891A25F2C3EF9C50019DCDC /* Webservice.swift in Sources */,
				E8E418DD2C3C8AD60057B234 /* CryptoBloomSwiftUIApp.swift in Sources */,
			);
			runOnlyForDeploymentPostprocessing = 0;
		};
/* End PBXSourcesBuildPhase section */

/* Begin XCBuildConfiguration section */
		E8E418E52C3C8AD80057B234 /* Debug */ = {
			isa = XCBuildConfiguration;
			buildSettings = {
				ALWAYS_SEARCH_USER_PATHS = NO;
				ASSETCATALOG_COMPILER_GENERATE_SWIFT_ASSET_SYMBOL_EXTENSIONS = YES;
				CLANG_ANALYZER_NONNULL = YES;
				CLANG_ANALYZER_NUMBER_OBJECT_CONVERSION = YES_AGGRESSIVE;
				CLANG_CXX_LANGUAGE_STANDARD = "gnu++20";
				CLANG_ENABLE_MODULES = YES;
				CLANG_ENABLE_OBJC_ARC = YES;
				CLANG_ENABLE_OBJC_WEAK = YES;
				CLANG_WARN_BLOCK_CAPTURE_AUTORELEASING = YES;
				CLANG_WARN_BOOL_CONVERSION = YES;
				CLANG_WARN_COMMA = YES;
				CLANG_WARN_CONSTANT_CONVERSION = YES;
				CLANG_WARN_DEPRECATED_OBJC_IMPLEMENTATIONS = YES;
				CLANG_WARN_DIRECT_OBJC_ISA_USAGE = YES_ERROR;
				CLANG_WARN_DOCUMENTATION_COMMENTS = YES;
				CLANG_WARN_EMPTY_BODY = YES;
				CLANG_WARN_ENUM_CONVERSION = YES;
				CLANG_WARN_INFINITE_RECURSION = YES;
				CLANG_WARN_INT_CONVERSION = YES;
				CLANG_WARN_NON_LITERAL_NULL_CONVERSION = YES;
				CLANG_WARN_OBJC_IMPLICIT_RETAIN_SELF = YES;
				CLANG_WARN_OBJC_LITERAL_CONVERSION = YES;
				CLANG_WARN_OBJC_ROOT_CLASS = YES_ERROR;
				CLANG_WARN_QUOTED_INCLUDE_IN_FRAMEWORK_HEADER = YES;
				CLANG_WARN_RANGE_LOOP_ANALYSIS = YES;
				CLANG_WARN_STRICT_PROTOTYPES = YES;
				CLANG_WARN_SUSPICIOUS_MOVE = YES;
				CLANG_WARN_UNGUARDED_AVAILABILITY = YES_AGGRESSIVE;
				CLANG_WARN_UNREACHABLE_CODE = YES;
				CLANG_WARN__DUPLICATE_METHOD_MATCH = YES;
				COPY_PHASE_STRIP = NO;
				DEBUG_INFORMATION_FORMAT = dwarf;
				ENABLE_STRICT_OBJC_MSGSEND = YES;
				ENABLE_TESTABILITY = YES;
				ENABLE_USER_SCRIPT_SANDBOXING = YES;
				GCC_C_LANGUAGE_STANDARD = gnu17;
				GCC_DYNAMIC_NO_PIC = NO;
				GCC_NO_COMMON_BLOCKS = YES;
				GCC_OPTIMIZATION_LEVEL = 0;
				GCC_PREPROCESSOR_DEFINITIONS = (
					"DEBUG=1",
					"$(inherited)",
				);
				GCC_WARN_64_TO_32_BIT_CONVERSION = YES;
				GCC_WARN_ABOUT_RETURN_TYPE = YES_ERROR;
				GCC_WARN_UNDECLARED_SELECTOR = YES;
				GCC_WARN_UNINITIALIZED_AUTOS = YES_AGGRESSIVE;
				GCC_WARN_UNUSED_FUNCTION = YES;
				GCC_WARN_UNUSED_VARIABLE = YES;
				IPHONEOS_DEPLOYMENT_TARGET = 17.4;
				LOCALIZATION_PREFERS_STRING_CATALOGS = YES;
				MTL_ENABLE_DEBUG_INFO = INCLUDE_SOURCE;
				MTL_FAST_MATH = YES;
				ONLY_ACTIVE_ARCH = YES;
				SDKROOT = iphoneos;
				SWIFT_ACTIVE_COMPILATION_CONDITIONS = "DEBUG $(inherited)";
				SWIFT_OPTIMIZATION_LEVEL = "-Onone";
			};
			name = Debug;
		};
		E8E418E62C3C8AD80057B234 /* Release */ = {
			isa = XCBuildConfiguration;
			buildSettings = {
				ALWAYS_SEARCH_USER_PATHS = NO;
				ASSETCATALOG_COMPILER_GENERATE_SWIFT_ASSET_SYMBOL_EXTENSIONS = YES;
				CLANG_ANALYZER_NONNULL = YES;
				CLANG_ANALYZER_NUMBER_OBJECT_CONVERSION = YES_AGGRESSIVE;
				CLANG_CXX_LANGUAGE_STANDARD = "gnu++20";
				CLANG_ENABLE_MODULES = YES;
				CLANG_ENABLE_OBJC_ARC = YES;
				CLANG_ENABLE_OBJC_WEAK = YES;
				CLANG_WARN_BLOCK_CAPTURE_AUTORELEASING = YES;
				CLANG_WARN_BOOL_CONVERSION = YES;
				CLANG_WARN_COMMA = YES;
				CLANG_WARN_CONSTANT_CONVERSION = YES;
				CLANG_WARN_DEPRECATED_OBJC_IMPLEMENTATIONS = YES;
				CLANG_WARN_DIRECT_OBJC_ISA_USAGE = YES_ERROR;
				CLANG_WARN_DOCUMENTATION_COMMENTS = YES;
				CLANG_WARN_EMPTY_BODY = YES;
				CLANG_WARN_ENUM_CONVERSION = YES;
				CLANG_WARN_INFINITE_RECURSION = YES;
				CLANG_WARN_INT_CONVERSION = YES;
				CLANG_WARN_NON_LITERAL_NULL_CONVERSION = YES;
				CLANG_WARN_OBJC_IMPLICIT_RETAIN_SELF = YES;
				CLANG_WARN_OBJC_LITERAL_CONVERSION = YES;
				CLANG_WARN_OBJC_ROOT_CLASS = YES_ERROR;
				CLANG_WARN_QUOTED_INCLUDE_IN_FRAMEWORK_HEADER = YES;
				CLANG_WARN_RANGE_LOOP_ANALYSIS = YES;
				CLANG_WARN_STRICT_PROTOTYPES = YES;
				CLANG_WARN_SUSPICIOUS_MOVE = YES;
				CLANG_WARN_UNGUARDED_AVAILABILITY = YES_AGGRESSIVE;
				CLANG_WARN_UNREACHABLE_CODE = YES;
				CLANG_WARN__DUPLICATE_METHOD_MATCH = YES;
				COPY_PHASE_STRIP = NO;
				DEBUG_INFORMATION_FORMAT = "dwarf-with-dsym";
				ENABLE_NS_ASSERTIONS = NO;
				ENABLE_STRICT_OBJC_MSGSEND = YES;
				ENABLE_USER_SCRIPT_SANDBOXING = YES;
				GCC_C_LANGUAGE_STANDARD = gnu17;
				GCC_NO_COMMON_BLOCKS = YES;
				GCC_WARN_64_TO_32_BIT_CONVERSION = YES;
				GCC_WARN_ABOUT_RETURN_TYPE = YES_ERROR;
				GCC_WARN_UNDECLARED_SELECTOR = YES;
				GCC_WARN_UNINITIALIZED_AUTOS = YES_AGGRESSIVE;
				GCC_WARN_UNUSED_FUNCTION = YES;
				GCC_WARN_UNUSED_VARIABLE = YES;
				IPHONEOS_DEPLOYMENT_TARGET = 17.4;
				LOCALIZATION_PREFERS_STRING_CATALOGS = YES;
				MTL_ENABLE_DEBUG_INFO = NO;
				MTL_FAST_MATH = YES;
				SDKROOT = iphoneos;
				SWIFT_COMPILATION_MODE = wholemodule;
				VALIDATE_PRODUCT = YES;
			};
			name = Release;
		};
		E8E418E82C3C8AD80057B234 /* Debug */ = {
			isa = XCBuildConfiguration;
			buildSettings = {
				ASSETCATALOG_COMPILER_APPICON_NAME = AppIcon;
				ASSETCATALOG_COMPILER_GLOBAL_ACCENT_COLOR_NAME = AccentColor;
				CODE_SIGN_STYLE = Automatic;
				CURRENT_PROJECT_VERSION = 1;
				DEVELOPMENT_ASSET_PATHS = "\"CryptoBloomSwiftUI/Preview Content\"";
				DEVELOPMENT_TEAM = 798B8TV68D;
				ENABLE_PREVIEWS = YES;
				GENERATE_INFOPLIST_FILE = YES;
				INFOPLIST_KEY_UIApplicationSceneManifest_Generation = YES;
				INFOPLIST_KEY_UIApplicationSupportsIndirectInputEvents = YES;
				INFOPLIST_KEY_UILaunchScreen_Generation = YES;
				INFOPLIST_KEY_UISupportedInterfaceOrientations_iPad = "UIInterfaceOrientationPortrait UIInterfaceOrientationPortraitUpsideDown UIInterfaceOrientationLandscapeLeft UIInterfaceOrientationLandscapeRight";
				INFOPLIST_KEY_UISupportedInterfaceOrientations_iPhone = "UIInterfaceOrientationPortrait UIInterfaceOrientationLandscapeLeft UIInterfaceOrientationLandscapeRight";
				LD_RUNPATH_SEARCH_PATHS = (
					"$(inherited)",
					"@executable_path/Frameworks",
				);
				MARKETING_VERSION = 1.0;
				PRODUCT_BUNDLE_IDENTIFIER = com.erayinal.CryptoBloomSwiftUI;
				PRODUCT_NAME = "$(TARGET_NAME)";
				SWIFT_EMIT_LOC_STRINGS = YES;
				SWIFT_VERSION = 5.0;
				TARGETED_DEVICE_FAMILY = "1,2";
			};
			name = Debug;
		};
		E8E418E92C3C8AD80057B234 /* Release */ = {
			isa = XCBuildConfiguration;
			buildSettings = {
				ASSETCATALOG_COMPILER_APPICON_NAME = AppIcon;
				ASSETCATALOG_COMPILER_GLOBAL_ACCENT_COLOR_NAME = AccentColor;
				CODE_SIGN_STYLE = Automatic;
				CURRENT_PROJECT_VERSION = 1;
				DEVELOPMENT_ASSET_PATHS = "\"CryptoBloomSwiftUI/Preview Content\"";
				DEVELOPMENT_TEAM = 798B8TV68D;
				ENABLE_PREVIEWS = YES;
				GENERATE_INFOPLIST_FILE = YES;
				INFOPLIST_KEY_UIApplicationSceneManifest_Generation = YES;
				INFOPLIST_KEY_UIApplicationSupportsIndirectInputEvents = YES;
				INFOPLIST_KEY_UILaunchScreen_Generation = YES;
				INFOPLIST_KEY_UISupportedInterfaceOrientations_iPad = "UIInterfaceOrientationPortrait UIInterfaceOrientationPortraitUpsideDown UIInterfaceOrientationLandscapeLeft UIInterfaceOrientationLandscapeRight";
				INFOPLIST_KEY_UISupportedInterfaceOrientations_iPhone = "UIInterfaceOrientationPortrait UIInterfaceOrientationLandscapeLeft UIInterfaceOrientationLandscapeRight";
				LD_RUNPATH_SEARCH_PATHS = (
					"$(inherited)",
					"@executable_path/Frameworks",
				);
				MARKETING_VERSION = 1.0;
				PRODUCT_BUNDLE_IDENTIFIER = com.erayinal.CryptoBloomSwiftUI;
				PRODUCT_NAME = "$(TARGET_NAME)";
				SWIFT_EMIT_LOC_STRINGS = YES;
				SWIFT_VERSION = 5.0;
				TARGETED_DEVICE_FAMILY = "1,2";
			};
			name = Release;
		};
/* End XCBuildConfiguration section */

/* Begin XCConfigurationList section */
		E8E418D42C3C8AD60057B234 /* Build configuration list for PBXProject "CryptoBloomSwiftUI" */ = {
			isa = XCConfigurationList;
			buildConfigurations = (
				E8E418E52C3C8AD80057B234 /* Debug */,
				E8E418E62C3C8AD80057B234 /* Release */,
			);
			defaultConfigurationIsVisible = 0;
			defaultConfigurationName = Release;
		};
		E8E418E72C3C8AD80057B234 /* Build configuration list for PBXNativeTarget "CryptoBloomSwiftUI" */ = {
			isa = XCConfigurationList;
			buildConfigurations = (
				E8E418E82C3C8AD80057B234 /* Debug */,
				E8E418E92C3C8AD80057B234 /* Release */,
			);
			defaultConfigurationIsVisible = 0;
			defaultConfigurationName = Release;
		};
/* End XCConfigurationList section */
	};
	rootObject = E8E418D12C3C8AD60057B234 /* Project object */;
}
